
Microsoft Visual Studio Solution File, Format Version 12.00
Project("{FAE04EC0-301F-11D3-BF4B-00C04F79EFBC}") = "BackOfficehopital.WinForms", "BackOfficehopital.WinForms\BackOfficehopital.WinForms.csproj", "{AF15F631-D106-4D82-A0C2-62262D5C64D3}"
EndProject
Project("{FAE04EC0-301F-11D3-BF4B-00C04F79EFBC}") = "BackOfficeHopital.Core", "BackOfficeHopital.Core\BackOfficeHopital.Core.csproj", "{92B02EB0-2BE9-4C9A-8F28-EBEC0330FEB7}"
EndProject
Global
	GlobalSection(SolutionConfigurationPlatforms) = preSolution
		Debug|Any CPU = Debug|Any CPU
		Release|Any CPU = Release|Any CPU
	EndGlobalSection
	GlobalSection(ProjectConfigurationPlatforms) = postSolution
		{AF15F631-D106-4D82-A0C2-62262D5C64D3}.Debug|Any CPU.ActiveCfg = Debug|Any CPU
		{AF15F631-D106-4D82-A0C2-62262D5C64D3}.Debug|Any CPU.Build.0 = Debug|Any CPU
		{AF15F631-D106-4D82-A0C2-62262D5C64D3}.Release|Any CPU.ActiveCfg = Release|Any CPU
		{AF15F631-D106-4D82-A0C2-62262D5C64D3}.Release|Any CPU.Build.0 = Release|Any CPU
		{92B02EB0-2BE9-4C9A-8F28-EBEC0330FEB7}.Debug|Any CPU.ActiveCfg = Debug|Any CPU
		{92B02EB0-2BE9-4C9A-8F28-EBEC0330FEB7}.Debug|Any CPU.Build.0 = Debug|Any CPU
		{92B02EB0-2BE9-4C9A-8F28-EBEC0330FEB7}.Release|Any CPU.ActiveCfg = Release|Any CPU
		{92B02EB0-2BE9-4C9A-8F28-EBEC0330FEB7}.Release|Any CPU.Build.0 = Release|Any CPU
	EndGlobalSection
EndGlobal
